
Microsoft Visual Studio Solution File, Format Version 12.00
# Visual Studio Version 16
VisualStudioVersion = 16.0.31911.196
MinimumVisualStudioVersion = 10.0.40219.1
Project("{9A19103F-16F7-4668-BE54-9A1E7A4F7556}") = "ATM App", "ATM App.csproj", "{9DBDF280-FB48-4726-B656-587285CBCEFB}"
EndProject
Project("{FAE04EC0-301F-11D3-BF4B-00C04F79EFBC}") = "TestProject1", "..\TestProject1\TestProject1.csproj", "{A8B6CF45-6BDF-466E-874D-F0B5B8D4FCAE}"
EndProject
Global
	GlobalSection(SolutionConfigurationPlatforms) = preSolution
		Debug|Any CPU = Debug|Any CPU
		Release|Any CPU = Release|Any CPU
	EndGlobalSection
	GlobalSection(ProjectConfigurationPlatforms) = postSolution
		{9DBDF280-FB48-4726-B656-587285CBCEFB}.Debug|Any CPU.ActiveCfg = Debug|Any CPU
		{9DBDF280-FB48-4726-B656-587285CBCEFB}.Debug|Any CPU.Build.0 = Debug|Any CPU
		{9DBDF280-FB48-4726-B656-587285CBCEFB}.Release|Any CPU.ActiveCfg = Release|Any CPU
		{9DBDF280-FB48-4726-B656-587285CBCEFB}.Release|Any CPU.Build.0 = Release|Any CPU
		{A8B6CF45-6BDF-466E-874D-F0B5B8D4FCAE}.Debug|Any CPU.ActiveCfg = Debug|Any CPU
		{A8B6CF45-6BDF-466E-874D-F0B5B8D4FCAE}.Debug|Any CPU.Build.0 = Debug|Any CPU
		{A8B6CF45-6BDF-466E-874D-F0B5B8D4FCAE}.Release|Any CPU.ActiveCfg = Release|Any CPU
		{A8B6CF45-6BDF-466E-874D-F0B5B8D4FCAE}.Release|Any CPU.Build.0 = Release|Any CPU
	EndGlobalSection
	GlobalSection(SolutionProperties) = preSolution
		HideSolutionNode = FALSE
	EndGlobalSection
	GlobalSection(ExtensibilityGlobals) = postSolution
		SolutionGuid = {7F6E2D90-58CA-4D2F-AA0A-A7CC7C36E0A5}
	EndGlobalSection
EndGlobal
